{
  "name": "SkinFax",
  "version": "1.0.0",
  "lockfileVersion": 1,
  "requires": true,
  "dependencies": {
    "@babel/runtime": {
      "version": "7.16.0",
      "resolved": "https://registry.npmjs.org/@babel/runtime/-/runtime-7.16.0.tgz",
      "integrity": "sha512-Nht8L0O8YCktmsDV6FqFue7vQLRx3Hb0B37lS5y0jDRqRxlBG4wIJHnf9/bgSE2UyipKFA01YtS+npRdTWBUyw==",
      "requires": {
        "regenerator-runtime": "^0.13.4"
      }
    },
    "cloudinary": {
      "version": "1.27.1",
      "resolved": "https://registry.npmjs.org/cloudinary/-/cloudinary-1.27.1.tgz",
      "integrity": "sha512-NrSVdzD2yJUMwL4UTfOjlq+bkc88SaNoZjhibLnpI40c46vfIlz2Y77R9HfgYIQ1Lx/k+U1WKZuiQ5Z2Wd2Dsg==",
      "requires": {
        "cloudinary-core": "^2.10.2",
        "core-js": "3.6.5",
        "lodash": "^4.17.11",
        "q": "^1.5.1"
      }
    },
    "cloudinary-core": {
      "version": "2.12.0",
      "resolved": "https://registry.npmjs.org/cloudinary-core/-/cloudinary-core-2.12.0.tgz",
      "integrity": "sha512-EXvnWuq3Ah6pZHB2vEfkrJ4tCGlccZo3xsmt1f+bmrB53jU42ZrnX+v8xKRMot9c/STSO7GPbxbhJQ/z/xRazg=="
    },
    "core-js": {
      "version": "3.6.5",
      "resolved": "https://registry.npmjs.org/core-js/-/core-js-3.6.5.tgz",
      "integrity": "sha512-vZVEEwZoIsI+vPEuoF9Iqf5H7/M3eeQqWlQnYa8FSKKePuYTf5MWnxb5SDAzCa60b3JBRS5g9b+Dq7b1y/RCrA=="
    },
    "emoji-mart": {
      "version": "3.0.1",
      "resolved": "https://registry.npmjs.org/emoji-mart/-/emoji-mart-3.0.1.tgz",
      "integrity": "sha512-sxpmMKxqLvcscu6mFn9ITHeZNkGzIvD0BSNFE/LJESPbCA8s1jM6bCDPjWbV31xHq7JXaxgpHxLB54RCbBZSlg==",
      "requires": {
        "@babel/runtime": "^7.0.0",
        "prop-types": "^15.6.0"
      }
    },
    "js-tokens": {
      "version": "4.0.0",
      "resolved": "https://registry.npmjs.org/js-tokens/-/js-tokens-4.0.0.tgz",
      "integrity": "sha512-RdJUflcE3cUzKiMqQgsCu06FPu9UdIJO0beYbPhHN4k6apgJtifcoCtT9bcxOpYBtpD2kCM6Sbzg4CausW/PKQ=="
    },
    "lodash": {
      "version": "4.17.21",
      "resolved": "https://registry.npmjs.org/lodash/-/lodash-4.17.21.tgz",
      "integrity": "sha512-v2kDEe57lecTulaDIuNTPy3Ry4gLGJ6Z1O3vE1krgXZNrsQ+LFTGHVxVjcXPs17LhbZVGedAJv8XZ1tvj5FvSg=="
    },
    "loose-envify": {
      "version": "1.4.0",
      "resolved": "https://registry.npmjs.org/loose-envify/-/loose-envify-1.4.0.tgz",
      "integrity": "sha512-lyuxPGr/Wfhrlem2CL/UcnUc1zcqKAImBDzukY7Y5F/yQiNdko6+fRLevlw1HgMySw7f611UIY408EtxRSoK3Q==",
      "requires": {
        "js-tokens": "^3.0.0 || ^4.0.0"
      }
    },
    "object-assign": {
      "version": "4.1.1",
      "resolved": "https://registry.npmjs.org/object-assign/-/object-assign-4.1.1.tgz",
      "integrity": "sha1-IQmtx5ZYh8/AXLvUQsrIv7s2CGM="
    },
    "prop-types": {
      "version": "15.7.2",
      "resolved": "https://registry.npmjs.org/prop-types/-/prop-types-15.7.2.tgz",
      "integrity": "sha512-8QQikdH7//R2vurIJSutZ1smHYTcLpRWEOlHnzcWHmBYrOGUysKwSsrC89BCiFj3CbrfJ/nXFdJepOVrY1GCHQ==",
      "requires": {
        "loose-envify": "^1.4.0",
        "object-assign": "^4.1.1",
        "react-is": "^16.8.1"
      }
    },
    "q": {
      "version": "1.5.1",
      "resolved": "https://registry.npmjs.org/q/-/q-1.5.1.tgz",
      "integrity": "sha1-fjL3W0E4EpHQRhHxvxQQmsAGUdc="
    },
    "react-feather": {
      "version": "2.0.9",
      "resolved": "https://registry.npmjs.org/react-feather/-/react-feather-2.0.9.tgz",
      "integrity": "sha512-yMfCGRkZdXwIs23Zw/zIWCJO3m3tlaUvtHiXlW+3FH7cIT6fiK1iJ7RJWugXq7Fso8ZaQyUm92/GOOHXvkiVUw==",
      "requires": {
        "prop-types": "^15.7.2"
      }
    },
    "react-is": {
      "version": "16.13.1",
      "resolved": "https://registry.npmjs.org/react-is/-/react-is-16.13.1.tgz",
      "integrity": "sha512-24e6ynE2H+OKt4kqsOvNd8kBpV65zoxbA4BVsEOB3ARVWQki/DHzaUoC5KuON/BiccDaCCTZBuOcfZs70kR8bQ=="
    },
    "react-textarea-autocomplete": {
      "version": "0.0.4",
      "resolved": "https://registry.npmjs.org/react-textarea-autocomplete/-/react-textarea-autocomplete-0.0.4.tgz",
      "integrity": "sha512-QOYVr3Z+jvUVScwFdvHR8vOk+Ar0ucSbIo5EiaSjImLuJUEWVFrCnIMLgambj5d1ED0fSw1ZQIBPv3duIGdeEw==",
      "requires": {
        "textarea-caret": "^3.1.0"
      }
    },
    "regenerator-runtime": {
      "version": "0.13.9",
      "resolved": "https://registry.npmjs.org/regenerator-runtime/-/regenerator-runtime-0.13.9.tgz",
      "integrity": "sha512-p3VT+cOEgxFsRRA9X4lkI1E+k2/CtnKtU4gcxyaCUreilL/vqI6CdZ3wxVUx3UOUg+gnUOQQcRI7BmSI656MYA=="
    },
    "textarea-caret": {
      "version": "3.1.0",
      "resolved": "https://registry.npmjs.org/textarea-caret/-/textarea-caret-3.1.0.tgz",
      "integrity": "sha512-cXAvzO9pP5CGa6NKx0WYHl+8CHKZs8byMkt3PCJBCmq2a34YA9pO1NrQET5pzeqnBjBdToF5No4rrmkDUgQC2Q=="
    }
  }
}
